{
  "version": 4,
  "terraform_version": "1.5.6",
  "serial": 20,
  "lineage": "0c83c738-20b2-f46a-8fe9-ae5fdd80d584",
  "outputs": {
    "slb_id": {
      "value": "lb-l4v4ihqyyy2smm7up771x",
      "type": "string"
    }
  },
  "resources": [
    {
      "mode": "data",
      "type": "alicloud_zones",
      "name": "zone",
      "provider": "provider[\"registry.terraform.io/hashicorp/alicloud\"]",
      "instances": [
        {
          "schema_version": 0,
          "attributes": {
            "available_disk_category": null,
            "available_instance_type": null,
            "available_resource_creation": "VSwitch",
            "available_slb_address_ip_version": null,
            "available_slb_address_type": null,
            "enable_details": false,
            "id": "398025721",
            "ids": [
              "me-central-1a",
              "me-central-1b"
            ],
            "instance_charge_type": "PostPaid",
            "multi": false,
            "network_type": null,
            "output_file": null,
            "spot_strategy": "NoSpot",
            "zones": [
              {
                "available_disk_categories": [],
                "available_instance_types": [],
                "available_resource_creation": [],
                "id": "me-central-1a",
                "local_name": "",
                "multi_zone_ids": [],
                "slb_slave_zone_ids": []
              },
              {
                "available_disk_categories": [],
                "available_instance_types": [],
                "available_resource_creation": [],
                "id": "me-central-1b",
                "local_name": "",
                "multi_zone_ids": [],
                "slb_slave_zone_ids": []
              }
            ]
          },
          "sensitive_attributes": []
        }
      ]
    },
    {
      "mode": "managed",
      "type": "alicloud_cs_kubernetes_node_pool",
      "name": "flannel",
      "provider": "provider[\"registry.terraform.io/hashicorp/alicloud\"]",
      "instances": []
    },
    {
      "mode": "managed",
      "type": "alicloud_db_account",
      "name": "account",
      "provider": "provider[\"registry.terraform.io/hashicorp/alicloud\"]",
      "instances": [
        {
          "schema_version": 0,
          "attributes": {
            "account_description": "",
            "account_name": "test1",
            "account_password": null,
            "account_type": "Normal",
            "db_instance_id": "rm-l4vw99p9d6cc5nqu9",
            "description": "",
            "id": "rm-l4vw99p9d6cc5nqu9:test1",
            "instance_id": "rm-l4vw99p9d6cc5nqu9",
            "kms_encrypted_password": null,
            "kms_encryption_context": null,
            "name": "test1",
            "password": "Password@1",
            "reset_permission_flag": false,
            "status": "Available",
            "timeouts": null,
            "type": "Normal"
          },
          "sensitive_attributes": [],
          "private": "eyJlMmJmYjczMC1lY2FhLTExZTYtOGY4OC0zNDM2M2JjN2M0YzAiOnsiY3JlYXRlIjoxODAwMDAwMDAwMDAwLCJkZWxldGUiOjMwMDAwMDAwMDAwMCwidXBkYXRlIjozNjAwMDAwMDAwMDB9fQ==",
          "dependencies": [
            "alicloud_db_instance.mysqldb",
            "alicloud_vpc.vpc",
            "alicloud_vswitch.dbvs1",
            "alicloud_vswitch.dbvs2",
            "data.alicloud_zones.zone"
          ]
        }
      ]
    },
    {
      "mode": "managed",
      "type": "alicloud_db_account_privilege",
      "name": "privilege",
      "provider": "provider[\"registry.terraform.io/hashicorp/alicloud\"]",
      "instances": [
        {
          "schema_version": 0,
          "attributes": {
            "account_name": "test1",
            "db_names": [
              "users"
            ],
            "id": "rm-l4vw99p9d6cc5nqu9:test1:ReadWrite",
            "instance_id": "rm-l4vw99p9d6cc5nqu9",
            "privilege": "ReadWrite"
          },
          "sensitive_attributes": [],
          "private": "bnVsbA==",
          "dependencies": [
            "alicloud_db_account.account",
            "alicloud_db_database.db",
            "alicloud_db_instance.mysqldb",
            "alicloud_vpc.vpc",
            "alicloud_vswitch.dbvs1",
            "alicloud_vswitch.dbvs2",
            "data.alicloud_zones.zone"
          ]
        }
      ]
    },
    {
      "mode": "managed",
      "type": "alicloud_db_connection",
      "name": "connection",
      "provider": "provider[\"registry.terraform.io/hashicorp/alicloud\"]",
      "instances": [
        {
          "schema_version": 0,
          "attributes": {
            "babelfish_port": null,
            "connection_prefix": "tf-example",
            "connection_string": "tf-example.mysql.me-central-1.rds.aliyuncs.com",
            "id": "rm-l4vw99p9d6cc5nqu9:tf-example",
            "instance_id": "rm-l4vw99p9d6cc5nqu9",
            "ip_address": "8.213.3.210",
            "port": "3306"
          },
          "sensitive_attributes": [],
          "private": "bnVsbA==",
          "dependencies": [
            "alicloud_db_instance.mysqldb",
            "alicloud_vpc.vpc",
            "alicloud_vswitch.dbvs1",
            "alicloud_vswitch.dbvs2",
            "data.alicloud_zones.zone"
          ]
        }
      ]
    },
    {
      "mode": "managed",
      "type": "alicloud_db_database",
      "name": "db",
      "provider": "provider[\"registry.terraform.io/hashicorp/alicloud\"]",
      "instances": [
        {
          "schema_version": 0,
          "attributes": {
            "character_set": "utf8",
            "description": "",
            "id": "rm-l4vw99p9d6cc5nqu9:users",
            "instance_id": "rm-l4vw99p9d6cc5nqu9",
            "name": "users"
          },
          "sensitive_attributes": [],
          "private": "bnVsbA==",
          "dependencies": [
            "alicloud_db_instance.mysqldb",
            "alicloud_vpc.vpc",
            "alicloud_vswitch.dbvs1",
            "alicloud_vswitch.dbvs2",
            "data.alicloud_zones.zone"
          ]
        }
      ]
    },
    {
      "mode": "managed",
      "type": "alicloud_db_instance",
      "name": "mysqldb",
      "provider": "provider[\"registry.terraform.io/hashicorp/alicloud\"]",
      "instances": [
        {
          "schema_version": 0,
          "attributes": {
            "acl": "",
            "auto_renew": null,
            "auto_renew_period": null,
            "auto_upgrade_minor_version": "Auto",
            "babelfish_config": [],
            "babelfish_port": null,
            "ca_type": "",
            "category": "HighAvailability",
            "client_ca_cert": "",
            "client_ca_enabled": 0,
            "client_cert_revocation_list": "",
            "client_crl_enabled": 0,
            "connection_string": "mysqlprivateconnectionstring.mysql.me-central-1.rds.aliyuncs.com",
            "connection_string_prefix": "mysqlprivateconnectionstring",
            "create_time": "2023-09-02T09:16:04Z",
            "db_instance_ip_array_attribute": "",
            "db_instance_ip_array_name": "",
            "db_instance_storage_type": "local_ssd",
            "db_instance_type": "Primary",
            "db_is_ignore_case": null,
            "db_time_zone": "Asia/Riyadh",
            "deletion_protection": false,
            "direction": null,
            "effective_time": null,
            "encryption_key": null,
            "engine": "MySQL",
            "engine_version": "5.7",
            "force_restart": false,
            "fresh_white_list_readins": null,
            "ha_config": "Auto",
            "id": "rm-l4vw99p9d6cc5nqu9",
            "instance_charge_type": "Postpaid",
            "instance_name": "chatGPT",
            "instance_storage": 30,
            "instance_type": "rds.mysql.t1.small",
            "maintain_time": "18:00Z-22:00Z",
            "manual_ha_time": "",
            "modify_mode": null,
            "monitoring_period": 60,
            "parameters": [],
            "period": 0,
            "pg_hba_conf": [],
            "port": "3306",
            "private_ip_address": "10.0.1.129",
            "released_keep_policy": null,
            "replication_acl": "",
            "resource_group_id": "rg-acfnswvpbnqzacq",
            "role_arn": null,
            "security_group_id": null,
            "security_group_ids": [],
            "security_ip_mode": "normal",
            "security_ip_type": "",
            "security_ips": [
              "0.0.0.0/0"
            ],
            "server_cert": "",
            "server_key": "",
            "serverless_config": [],
            "sql_collector_config_value": 30,
            "sql_collector_status": "Disabled",
            "ssl_action": "",
            "ssl_connection_string": "",
            "ssl_status": "No",
            "status": "Running",
            "storage_auto_scale": "",
            "storage_threshold": 0,
            "storage_upper_bound": 0,
            "switch_time": null,
            "tags": null,
            "target_minor_version": "rds_20211231",
            "tcp_connection_type": "LONG",
            "tde_status": null,
            "timeouts": null,
            "upgrade_db_instance_kernel_version": null,
            "upgrade_time": null,
            "vpc_id": "vpc-l4vxokykredw57o1s1wtp",
            "vswitch_id": "vsw-l4vpxdzxhaw82ihtz57jk",
            "whitelist_network_type": "",
            "zone_id": "me-central-1a",
            "zone_id_slave_a": "me-central-1b",
            "zone_id_slave_b": null
          },
          "sensitive_attributes": [],
          "private": "eyJlMmJmYjczMC1lY2FhLTExZTYtOGY4OC0zNDM2M2JjN2M0YzAiOnsiY3JlYXRlIjoxODAwMDAwMDAwMDAwLCJkZWxldGUiOjEyMDAwMDAwMDAwMDAsInVwZGF0ZSI6MTgwMDAwMDAwMDAwMH19",
          "dependencies": [
            "alicloud_vpc.vpc",
            "alicloud_vswitch.dbvs1",
            "alicloud_vswitch.dbvs2",
            "data.alicloud_zones.zone"
          ]
        }
      ]
    },
    {
      "mode": "managed",
      "type": "alicloud_kvstore_account",
      "name": "redisAccount",
      "provider": "provider[\"registry.terraform.io/hashicorp/alicloud\"]",
      "instances": [
        {
          "schema_version": 0,
          "attributes": {
            "account_name": "test1",
            "account_password": "Password@1",
            "account_privilege": "RoleReadWrite",
            "account_type": "Normal",
            "description": "",
            "id": "r-l4vf3cbbded9b614:test1",
            "instance_id": "r-l4vf3cbbded9b614",
            "kms_encrypted_password": null,
            "kms_encryption_context": null,
            "status": "Available",
            "timeouts": null
          },
          "sensitive_attributes": [],
          "private": "eyJlMmJmYjczMC1lY2FhLTExZTYtOGY4OC0zNDM2M2JjN2M0YzAiOnsiY3JlYXRlIjozNjAwMDAwMDAwMDAsInVwZGF0ZSI6MzYwMDAwMDAwMDAwfX0=",
          "dependencies": [
            "alicloud_kvstore_instance.redis",
            "alicloud_resource_manager_resource_group.chatgpt_resource_group",
            "alicloud_security_group.group",
            "alicloud_vpc.vpc",
            "alicloud_vswitch.rdeisVs1",
            "data.alicloud_zones.zone"
          ]
        }
      ]
    },
    {
      "mode": "managed",
      "type": "alicloud_kvstore_instance",
      "name": "redis",
      "provider": "provider[\"registry.terraform.io/hashicorp/alicloud\"]",
      "instances": [
        {
          "schema_version": 0,
          "attributes": {
            "auto_renew": false,
            "auto_renew_period": null,
            "auto_use_coupon": null,
            "availability_zone": "me-central-1a",
            "backup_id": null,
            "backup_period": [
              "Friday",
              "Monday",
              "Saturday",
              "Sunday",
              "Thursday",
              "Tuesday",
              "Wednesday"
            ],
            "backup_time": "10:00Z-11:00Z",
            "bandwidth": 10,
            "business_info": null,
            "capacity": 1024,
            "config": {
              "appendonly": "yes",
              "lazyfree-lazy-eviction": "yes"
            },
            "connection_domain": "privateconnectionstringprefix.redis.me-central-1.rds.aliyuncs.com",
            "connection_string": "",
            "connection_string_prefix": null,
            "coupon_no": "youhuiquan_promotion_option_id_for_blank",
            "db_instance_name": "redis",
            "dedicated_host_group_id": null,
            "dry_run": null,
            "effective_time": null,
            "enable_backup_log": 0,
            "enable_public": false,
            "encryption_key": null,
            "encryption_name": null,
            "end_time": "",
            "engine_version": "5.0",
            "force_upgrade": true,
            "global_instance": null,
            "global_instance_id": null,
            "id": "r-l4vf3cbbded9b614",
            "instance_charge_type": "PostPaid",
            "instance_class": "redis.master.small.default",
            "instance_name": "redis",
            "instance_release_protection": false,
            "instance_type": "Redis",
            "kms_encrypted_password": null,
            "kms_encryption_context": null,
            "maintain_end_time": "22:00Z",
            "maintain_start_time": "18:00Z",
            "modify_mode": 0,
            "node_type": "double",
            "order_type": "UPGRADE",
            "parameters": [],
            "password": null,
            "payment_type": "PostPaid",
            "period": null,
            "port": null,
            "private_connection_port": "6379",
            "private_connection_prefix": "privateconnectionstringprefix",
            "private_ip": "10.0.3.215",
            "qps": 80000,
            "resource_group_id": "rg-aek4m4phveqdqly",
            "restore_time": null,
            "role_arn": null,
            "secondary_zone_id": "me-central-1b",
            "security_group_id": "sg-l4v3lydedd46reu8g8sb",
            "security_ip_group_attribute": "",
            "security_ip_group_name": "default",
            "security_ips": [
              "10.0.5.0/24",
              "10.0.6.0/24"
            ],
            "shard_count": 0,
            "srcdb_instance_id": null,
            "ssl_enable": null,
            "status": "Normal",
            "tags": {
              "Created": "TF",
              "For": "Test"
            },
            "tde_status": null,
            "timeouts": null,
            "vpc_auth_mode": "Open",
            "vswitch_id": "vsw-l4vphacflyz4b90lawy7r",
            "zone_id": "me-central-1a"
          },
          "sensitive_attributes": [],
          "private": "eyJlMmJmYjczMC1lY2FhLTExZTYtOGY4OC0zNDM2M2JjN2M0YzAiOnsiY3JlYXRlIjoxMjAwMDAwMDAwMDAwLCJ1cGRhdGUiOjI0MDAwMDAwMDAwMDB9fQ==",
          "dependencies": [
            "alicloud_resource_manager_resource_group.chatgpt_resource_group",
            "alicloud_security_group.group",
            "alicloud_vpc.vpc",
            "alicloud_vswitch.rdeisVs1",
            "data.alicloud_zones.zone"
          ]
        }
      ]
    },
    {
      "mode": "managed",
      "type": "alicloud_resource_manager_resource_group",
      "name": "chatgpt_resource_group",
      "provider": "provider[\"registry.terraform.io/hashicorp/alicloud\"]",
      "instances": [
        {
          "schema_version": 0,
          "attributes": {
            "account_id": "5127755036987402",
            "create_date": null,
            "display_name": "chatgpt_resource_group",
            "id": "rg-aek4m4phveqdqly",
            "name": "chatgptresourcegroup",
            "region_statuses": [
              {
                "region_id": "ap-northeast-1",
                "status": "OK"
              },
              {
                "region_id": "ap-northeast-2",
                "status": "OK"
              },
              {
                "region_id": "ap-singapore-cloudstone",
                "status": "OK"
              },
              {
                "region_id": "ap-south-1",
                "status": "OK"
              },
              {
                "region_id": "ap-southeast-1",
                "status": "OK"
              },
              {
                "region_id": "ap-southeast-2",
                "status": "OK"
              },
              {
                "region_id": "ap-southeast-3",
                "status": "OK"
              },
              {
                "region_id": "ap-southeast-5",
                "status": "OK"
              },
              {
                "region_id": "ap-southeast-6",
                "status": "OK"
              },
              {
                "region_id": "ap-southeast-7",
                "status": "OK"
              },
              {
                "region_id": "cn-beijing",
                "status": "OK"
              },
              {
                "region_id": "cn-chengdu",
                "status": "OK"
              },
              {
                "region_id": "cn-guangzhou",
                "status": "OK"
              },
              {
                "region_id": "cn-hangzhou",
                "status": "OK"
              },
              {
                "region_id": "cn-hangzhou-cloudstone",
                "status": "OK"
              },
              {
                "region_id": "cn-hangzhou-mybk",
                "status": "OK"
              },
              {
                "region_id": "cn-hangzhou-test-306",
                "status": "OK"
              },
              {
                "region_id": "cn-heyuan",
                "status": "OK"
              },
              {
                "region_id": "cn-hongkong",
                "status": "OK"
              },
              {
                "region_id": "cn-huhehaote",
                "status": "OK"
              },
              {
                "region_id": "cn-nantong",
                "status": "OK"
              },
              {
                "region_id": "cn-qingdao",
                "status": "OK"
              },
              {
                "region_id": "cn-shanghai",
                "status": "OK"
              },
              {
                "region_id": "cn-shenzhen",
                "status": "OK"
              },
              {
                "region_id": "cn-wulanchabu",
                "status": "OK"
              },
              {
                "region_id": "cn-zhangjiakou",
                "status": "OK"
              },
              {
                "region_id": "cn-zhengzhou-jva",
                "status": "OK"
              },
              {
                "region_id": "eu-central-1",
                "status": "OK"
              },
              {
                "region_id": "eu-west-1",
                "status": "OK"
              },
              {
                "region_id": "me-east-1",
                "status": "OK"
              },
              {
                "region_id": "rus-west-1",
                "status": "OK"
              },
              {
                "region_id": "us-east-1",
                "status": "OK"
              },
              {
                "region_id": "us-west-1",
                "status": "OK"
              }
            ],
            "resource_group_name": "chatgptresourcegroup",
            "status": "OK",
            "timeouts": null
          },
          "sensitive_attributes": [],
          "private": "eyJlMmJmYjczMC1lY2FhLTExZTYtOGY4OC0zNDM2M2JjN2M0YzAiOnsiY3JlYXRlIjo2NjAwMDAwMDAwMDB9fQ=="
        }
      ]
    },
    {
      "mode": "managed",
      "type": "alicloud_security_group",
      "name": "group",
      "provider": "provider[\"registry.terraform.io/hashicorp/alicloud\"]",
      "instances": [
        {
          "schema_version": 0,
          "attributes": {
            "description": "",
            "id": "sg-l4v3lydedd46reu8g8sb",
            "inner_access": true,
            "inner_access_policy": "Accept",
            "name": "alicloud_security_group",
            "resource_group_id": "",
            "security_group_type": "normal",
            "tags": null,
            "vpc_id": "vpc-l4vxokykredw57o1s1wtp"
          },
          "sensitive_attributes": [],
          "private": "bnVsbA==",
          "dependencies": [
            "alicloud_vpc.vpc"
          ]
        }
      ]
    },
    {
      "mode": "managed",
      "type": "alicloud_slb_load_balancer",
      "name": "load_balancer",
      "provider": "provider[\"registry.terraform.io/hashicorp/alicloud\"]",
      "instances": [
        {
          "schema_version": 0,
          "attributes": {
            "address": "8.213.29.146",
            "address_ip_version": "ipv4",
            "address_type": "internet",
            "bandwidth": 5120,
            "delete_protection": "off",
            "id": "lb-l4v4ihqyyy2smm7up771x",
            "instance_charge_type": "PayBySpec",
            "internet": null,
            "internet_charge_type": "PayByTraffic",
            "load_balancer_name": "chatgpr_load_balancer",
            "load_balancer_spec": "slb.s2.small",
            "master_zone_id": "me-central-1b",
            "modification_protection_reason": "",
            "modification_protection_status": "NonProtection",
            "name": "chatgpr_load_balancer",
            "payment_type": "PayAsYouGo",
            "period": null,
            "resource_group_id": "rg-acfnswvpbnqzacq",
            "slave_zone_id": "me-central-1a",
            "specification": "slb.s2.small",
            "status": "active",
            "tags": null,
            "timeouts": null,
            "vswitch_id": ""
          },
          "sensitive_attributes": [],
          "private": "eyJlMmJmYjczMC1lY2FhLTExZTYtOGY4OC0zNDM2M2JjN2M0YzAiOnsiY3JlYXRlIjozMDAwMDAwMDAwMDAsImRlbGV0ZSI6NTQwMDAwMDAwMDAwfX0=",
          "dependencies": [
            "alicloud_vpc.vpc",
            "alicloud_vswitch.dmz",
            "data.alicloud_zones.zone"
          ]
        }
      ]
    },
    {
      "mode": "managed",
      "type": "alicloud_vpc",
      "name": "vpc",
      "provider": "provider[\"registry.terraform.io/hashicorp/alicloud\"]",
      "instances": [
        {
          "schema_version": 0,
          "attributes": {
            "cidr_block": "10.0.0.0/16",
            "classic_link_enabled": false,
            "create_time": "2023-09-02T09:15:22Z",
            "description": "",
            "dry_run": null,
            "enable_ipv6": null,
            "id": "vpc-l4vxokykredw57o1s1wtp",
            "ipv6_cidr_block": "",
            "ipv6_cidr_blocks": [],
            "ipv6_isp": null,
            "name": "chatGPT",
            "resource_group_id": "rg-acfnswvpbnqzacq",
            "route_table_id": "vtb-l4vl9ubrp39yt96m4gbxr",
            "router_id": "vrt-l4vfn7g75np5gwy0mgpri",
            "router_table_id": "vtb-l4vl9ubrp39yt96m4gbxr",
            "secondary_cidr_blocks": [],
            "status": "Available",
            "tags": null,
            "timeouts": null,
            "user_cidrs": [],
            "vpc_name": "chatGPT"
          },
          "sensitive_attributes": [],
          "private": "eyJlMmJmYjczMC1lY2FhLTExZTYtOGY4OC0zNDM2M2JjN2M0YzAiOnsiY3JlYXRlIjozMDAwMDAwMDAwMDAsImRlbGV0ZSI6MzAwMDAwMDAwMDAwLCJ1cGRhdGUiOjMwMDAwMDAwMDAwMH19"
        }
      ]
    },
    {
      "mode": "managed",
      "type": "alicloud_vswitch",
      "name": "dbvs1",
      "provider": "provider[\"registry.terraform.io/hashicorp/alicloud\"]",
      "instances": [
        {
          "schema_version": 0,
          "attributes": {
            "availability_zone": "me-central-1a",
            "cidr_block": "10.0.1.0/24",
            "create_time": "2023-09-02T09:15:30Z",
            "description": "",
            "enable_ipv6": null,
            "id": "vsw-l4vpxdzxhaw82ihtz57jk",
            "ipv6_cidr_block": "",
            "ipv6_cidr_block_mask": null,
            "name": "dbvs1",
            "status": "Available",
            "tags": null,
            "timeouts": null,
            "vpc_id": "vpc-l4vxokykredw57o1s1wtp",
            "vswitch_name": "dbvs1",
            "zone_id": "me-central-1a"
          },
          "sensitive_attributes": [],
          "private": "eyJlMmJmYjczMC1lY2FhLTExZTYtOGY4OC0zNDM2M2JjN2M0YzAiOnsiY3JlYXRlIjozMDAwMDAwMDAwMDAsImRlbGV0ZSI6MzAwMDAwMDAwMDAwLCJ1cGRhdGUiOjMwMDAwMDAwMDAwMH19",
          "dependencies": [
            "alicloud_vpc.vpc",
            "data.alicloud_zones.zone"
          ]
        }
      ]
    },
    {
      "mode": "managed",
      "type": "alicloud_vswitch",
      "name": "dbvs2",
      "provider": "provider[\"registry.terraform.io/hashicorp/alicloud\"]",
      "instances": [
        {
          "schema_version": 0,
          "attributes": {
            "availability_zone": "me-central-1b",
            "cidr_block": "10.0.2.0/24",
            "create_time": "2023-09-02T09:15:44Z",
            "description": "",
            "enable_ipv6": null,
            "id": "vsw-l4vfdc035on0y8e4v6e5j",
            "ipv6_cidr_block": "",
            "ipv6_cidr_block_mask": null,
            "name": "dbvs2",
            "status": "Available",
            "tags": null,
            "timeouts": null,
            "vpc_id": "vpc-l4vxokykredw57o1s1wtp",
            "vswitch_name": "dbvs2",
            "zone_id": "me-central-1b"
          },
          "sensitive_attributes": [],
          "private": "eyJlMmJmYjczMC1lY2FhLTExZTYtOGY4OC0zNDM2M2JjN2M0YzAiOnsiY3JlYXRlIjozMDAwMDAwMDAwMDAsImRlbGV0ZSI6MzAwMDAwMDAwMDAwLCJ1cGRhdGUiOjMwMDAwMDAwMDAwMH19",
          "dependencies": [
            "alicloud_vpc.vpc",
            "data.alicloud_zones.zone"
          ]
        }
      ]
    },
    {
      "mode": "managed",
      "type": "alicloud_vswitch",
      "name": "dmz",
      "provider": "provider[\"registry.terraform.io/hashicorp/alicloud\"]",
      "instances": [
        {
          "schema_version": 0,
          "attributes": {
            "availability_zone": "me-central-1a",
            "cidr_block": "10.0.4.0/24",
            "create_time": "2023-09-02T09:15:37Z",
            "description": "",
            "enable_ipv6": null,
            "id": "vsw-l4vn1n2brna8fg05g3qt9",
            "ipv6_cidr_block": "",
            "ipv6_cidr_block_mask": null,
            "name": "dmz",
            "status": "Available",
            "tags": null,
            "timeouts": null,
            "vpc_id": "vpc-l4vxokykredw57o1s1wtp",
            "vswitch_name": "dmz",
            "zone_id": "me-central-1a"
          },
          "sensitive_attributes": [],
          "private": "eyJlMmJmYjczMC1lY2FhLTExZTYtOGY4OC0zNDM2M2JjN2M0YzAiOnsiY3JlYXRlIjozMDAwMDAwMDAwMDAsImRlbGV0ZSI6MzAwMDAwMDAwMDAwLCJ1cGRhdGUiOjMwMDAwMDAwMDAwMH19",
          "dependencies": [
            "alicloud_vpc.vpc",
            "data.alicloud_zones.zone"
          ]
        }
      ]
    },
    {
      "mode": "managed",
      "type": "alicloud_vswitch",
      "name": "rdeisVs1",
      "provider": "provider[\"registry.terraform.io/hashicorp/alicloud\"]",
      "instances": [
        {
          "schema_version": 0,
          "attributes": {
            "availability_zone": "me-central-1a",
            "cidr_block": "10.0.3.0/24",
            "create_time": "2023-09-02T09:15:53Z",
            "description": "",
            "enable_ipv6": null,
            "id": "vsw-l4vphacflyz4b90lawy7r",
            "ipv6_cidr_block": "",
            "ipv6_cidr_block_mask": null,
            "name": "rdeisVs1",
            "status": "Available",
            "tags": null,
            "timeouts": null,
            "vpc_id": "vpc-l4vxokykredw57o1s1wtp",
            "vswitch_name": "rdeisVs1",
            "zone_id": "me-central-1a"
          },
          "sensitive_attributes": [],
          "private": "eyJlMmJmYjczMC1lY2FhLTExZTYtOGY4OC0zNDM2M2JjN2M0YzAiOnsiY3JlYXRlIjozMDAwMDAwMDAwMDAsImRlbGV0ZSI6MzAwMDAwMDAwMDAwLCJ1cGRhdGUiOjMwMDAwMDAwMDAwMH19",
          "dependencies": [
            "alicloud_vpc.vpc",
            "data.alicloud_zones.zone"
          ]
        }
      ]
    },
    {
      "mode": "managed",
      "type": "alicloud_vswitch",
      "name": "v1",
      "provider": "provider[\"registry.terraform.io/hashicorp/alicloud\"]",
      "instances": [
        {
          "schema_version": 0,
          "attributes": {
            "availability_zone": "me-central-1a",
            "cidr_block": "10.0.5.0/24",
            "create_time": "2023-09-02T09:15:27Z",
            "description": "",
            "enable_ipv6": null,
            "id": "vsw-l4vffb3bfw4ikr9xddzgq",
            "ipv6_cidr_block": "",
            "ipv6_cidr_block_mask": null,
            "name": "V1",
            "status": "Available",
            "tags": null,
            "timeouts": null,
            "vpc_id": "vpc-l4vxokykredw57o1s1wtp",
            "vswitch_name": "V1",
            "zone_id": "me-central-1a"
          },
          "sensitive_attributes": [],
          "private": "eyJlMmJmYjczMC1lY2FhLTExZTYtOGY4OC0zNDM2M2JjN2M0YzAiOnsiY3JlYXRlIjozMDAwMDAwMDAwMDAsImRlbGV0ZSI6MzAwMDAwMDAwMDAwLCJ1cGRhdGUiOjMwMDAwMDAwMDAwMH19",
          "dependencies": [
            "alicloud_vpc.vpc",
            "data.alicloud_zones.zone"
          ]
        }
      ]
    },
    {
      "mode": "managed",
      "type": "alicloud_vswitch",
      "name": "v2",
      "provider": "provider[\"registry.terraform.io/hashicorp/alicloud\"]",
      "instances": [
        {
          "schema_version": 0,
          "attributes": {
            "availability_zone": "me-central-1b",
            "cidr_block": "10.0.6.0/24",
            "create_time": "2023-09-02T09:15:30Z",
            "description": "",
            "enable_ipv6": null,
            "id": "vsw-l4vq6i3pvpr09avr9ag6j",
            "ipv6_cidr_block": "",
            "ipv6_cidr_block_mask": null,
            "name": "V2",
            "status": "Available",
            "tags": null,
            "timeouts": null,
            "vpc_id": "vpc-l4vxokykredw57o1s1wtp",
            "vswitch_name": "V2",
            "zone_id": "me-central-1b"
          },
          "sensitive_attributes": [],
          "private": "eyJlMmJmYjczMC1lY2FhLTExZTYtOGY4OC0zNDM2M2JjN2M0YzAiOnsiY3JlYXRlIjozMDAwMDAwMDAwMDAsImRlbGV0ZSI6MzAwMDAwMDAwMDAwLCJ1cGRhdGUiOjMwMDAwMDAwMDAwMH19",
          "dependencies": [
            "alicloud_vpc.vpc",
            "data.alicloud_zones.zone"
          ]
        }
      ]
    },
    {
      "mode": "managed",
      "type": "random_uuid",
      "name": "this",
      "provider": "provider[\"registry.terraform.io/hashicorp/random\"]",
      "instances": [
        {
          "schema_version": 0,
          "attributes": {
            "id": "ab6d1c10-fa5a-ff59-d83a-f02b2e37cb2d",
            "keepers": null,
            "result": "ab6d1c10-fa5a-ff59-d83a-f02b2e37cb2d"
          },
          "sensitive_attributes": []
        }
      ]
    }
  ],
  "check_results": null
}
